# This file is autogenerated, do not edit; changes may be undone by the next 'dep ensure'.


[[projects]]
  branch = "master"
  name = "github.com/GeertJohan/go.rice"
  packages = [
    ".",
    "embedded"
  ]
  revision = "c02ca9a983da5807ddf7d796784928f5be4afd09"

[[projects]]
  branch = "master"
  name = "github.com/daaku/go.zipexe"
  packages = ["."]
  revision = "a5fe2436ffcb3236e175e5149162b41cd28bd27d"

[[projects]]
  name = "github.com/davecgh/go-spew"
  packages = ["spew"]
  revision = "346938d642f2ec3594ed81d874461961cd0faa76"
  version = "v1.1.0"

[[projects]]
  name = "github.com/julienschmidt/httprouter"
  packages = ["."]
  revision = "8c199fb6259ffc1af525cc3ad52ee60ba8359669"
  version = "v1.1"

[[projects]]
  branch = "master"
  name = "github.com/kardianos/osext"
  packages = ["."]
  revision = "ae77be60afb1dcacde03767a8c37337fad28ac14"

[[projects]]
  branch = "master"
  name = "github.com/mitchellh/go-homedir"
  packages = ["."]
  revision = "b8bc1bf767474819792c23f32d8286a45736f1c6"

[[projects]]
  name = "github.com/namsral/flag"
  packages = ["."]
  revision = "71ceffbeb0ba60fccc853971bb3ed4d7d90bfd04"
  version = "v1.7.4-pre"

[[projects]]
  name = "github.com/patrickmn/go-cache"
  packages = ["."]
  revision = "a3647f8e31d79543b2d0f0ae2fe5c379d72cedc0"
  version = "v2.1.0"

[[projects]]
  name = "github.com/pmezard/go-difflib"
  packages = ["difflib"]
  revision = "792786c7400a136282c1664665ae0a8db921c6c2"
  version = "v1.0.0"

[[projects]]
  branch = "master"
  name = "github.com/prologic/pastebin"
  packages = ["client"]
  revision = "25bcbac05fe18dc27b849b3abd44ddd1df9ae315"

[[projects]]
  branch = "master"
  name = "github.com/rcrowley/go-metrics"
  packages = [
    ".",
    "exp"
  ]
  revision = "8732c616f52954686704c8645fe1a9d59e9df7c1"

[[projects]]
  name = "github.com/renstrom/shortuuid"
  packages = ["."]
  revision = "e8e2dcc923509a6dcbbc2d21cf809aef23fb80f6"
  version = "v2.0.3"

[[projects]]
  name = "github.com/satori/go.uuid"
  packages = ["."]
  revision = "f58768cc1a7a7e77a3bd49e98cdd21419399b6a3"
  version = "v1.2.0"

[[projects]]
  name = "github.com/stretchr/testify"
  packages = ["assert"]
  revision = "b91bfb9ebec76498946beb6af7c0230c7cc7ba6c"
  version = "v1.2.0"

[[projects]]
  branch = "master"
  name = "github.com/thoas/stats"
  packages = ["."]
  revision = "37829025d2242afb04d91572cb143e00019e2aac"

[[projects]]
  branch = "master"
  name = "github.com/timewasted/go-accept-headers"
  packages = ["."]
  revision = "c78f304b1b09181c0a2de98d15f5279514413f7b"

[[projects]]
  branch = "master"
  name = "github.com/unrolled/logger"
  packages = ["."]
  revision = "96623791abc8e1ca9ad4e8a2753d2a2ff195cf2d"

[solve-meta]
  analyzer-name = "dep"
  analyzer-version = 1
  inputs-digest = "136e856593020318c7fc22d8c742cfa8f87ebd3825b101821b60c649b8f6b455"
  solver-name = "gps-cdcl"
  solver-version = 1
